{
  "version": 4,
  "terraform_version": "1.11.2",
  "serial": 134,
  "lineage": "e4f768ce-97ce-503d-4066-f7f0a3f920e3",
  "outputs": {},
  "resources": [
    {
      "module": "module.routeTable",
      "mode": "managed",
      "type": "aws_route",
      "name": "private",
      "provider": "provider[\"registry.terraform.io/hashicorp/aws\"]",
      "instances": [
        {
          "index_key": "0",
          "schema_version": 0,
          "attributes": {
            "carrier_gateway_id": "",
            "core_network_arn": "",
            "destination_cidr_block": "0.0.0.0/0",
            "destination_ipv6_cidr_block": "",
            "destination_prefix_list_id": "",
            "egress_only_gateway_id": "",
            "gateway_id": "",
            "id": "r-rtb-01aada196d8d57eff1080289494",
            "instance_id": "",
            "instance_owner_id": "",
            "local_gateway_id": "",
            "nat_gateway_id": "nat-06c60f83d26da0512",
            "network_interface_id": "",
            "origin": "CreateRoute",
            "route_table_id": "rtb-01aada196d8d57eff",
            "state": "active",
            "timeouts": null,
            "transit_gateway_id": "",
            "vpc_endpoint_id": "",
            "vpc_peering_connection_id": ""
          },
          "sensitive_attributes": [],
          "private": "eyJlMmJmYjczMC1lY2FhLTExZTYtOGY4OC0zNDM2M2JjN2M0YzAiOnsiY3JlYXRlIjozMDAwMDAwMDAwMDAsImRlbGV0ZSI6MzAwMDAwMDAwMDAwLCJ1cGRhdGUiOjEyMDAwMDAwMDAwMH19",
          "dependencies": [
            "module.routeTable.aws_route_table.private",
            "module.vpc.aws_eip.learning-vpc-eip",
            "module.vpc.aws_internet_gateway.learning-igw",
            "module.vpc.aws_nat_gateway.learning-ngw",
            "module.vpc.aws_subnet.public-subnet",
            "module.vpc.aws_vpc.learning-vpc"
          ]
        },
        {
          "index_key": "1",
          "schema_version": 0,
          "attributes": {
            "carrier_gateway_id": "",
            "core_network_arn": "",
            "destination_cidr_block": "0.0.0.0/0",
            "destination_ipv6_cidr_block": "",
            "destination_prefix_list_id": "",
            "egress_only_gateway_id": "",
            "gateway_id": "",
            "id": "r-rtb-0291924c5bb7a3abf1080289494",
            "instance_id": "",
            "instance_owner_id": "",
            "local_gateway_id": "",
            "nat_gateway_id": "nat-05bd1fbdbd6264fe8",
            "network_interface_id": "",
            "origin": "CreateRoute",
            "route_table_id": "rtb-0291924c5bb7a3abf",
            "state": "active",
            "timeouts": null,
            "transit_gateway_id": "",
            "vpc_endpoint_id": "",
            "vpc_peering_connection_id": ""
          },
          "sensitive_attributes": [],
          "private": "eyJlMmJmYjczMC1lY2FhLTExZTYtOGY4OC0zNDM2M2JjN2M0YzAiOnsiY3JlYXRlIjozMDAwMDAwMDAwMDAsImRlbGV0ZSI6MzAwMDAwMDAwMDAwLCJ1cGRhdGUiOjEyMDAwMDAwMDAwMH19",
          "dependencies": [
            "module.routeTable.aws_route_table.private",
            "module.vpc.aws_eip.learning-vpc-eip",
            "module.vpc.aws_internet_gateway.learning-igw",
            "module.vpc.aws_nat_gateway.learning-ngw",
            "module.vpc.aws_subnet.public-subnet",
            "module.vpc.aws_vpc.learning-vpc"
          ]
        },
        {
          "index_key": "2",
          "schema_version": 0,
          "attributes": {
            "carrier_gateway_id": "",
            "core_network_arn": "",
            "destination_cidr_block": "0.0.0.0/0",
            "destination_ipv6_cidr_block": "",
            "destination_prefix_list_id": "",
            "egress_only_gateway_id": "",
            "gateway_id": "",
            "id": "r-rtb-035d03605f01cc8e01080289494",
            "instance_id": "",
            "instance_owner_id": "",
            "local_gateway_id": "",
            "nat_gateway_id": "nat-01f92090385de7b94",
            "network_interface_id": "",
            "origin": "CreateRoute",
            "route_table_id": "rtb-035d03605f01cc8e0",
            "state": "active",
            "timeouts": null,
            "transit_gateway_id": "",
            "vpc_endpoint_id": "",
            "vpc_peering_connection_id": ""
          },
          "sensitive_attributes": [],
          "private": "eyJlMmJmYjczMC1lY2FhLTExZTYtOGY4OC0zNDM2M2JjN2M0YzAiOnsiY3JlYXRlIjozMDAwMDAwMDAwMDAsImRlbGV0ZSI6MzAwMDAwMDAwMDAwLCJ1cGRhdGUiOjEyMDAwMDAwMDAwMH19",
          "dependencies": [
            "module.routeTable.aws_route_table.private",
            "module.vpc.aws_eip.learning-vpc-eip",
            "module.vpc.aws_internet_gateway.learning-igw",
            "module.vpc.aws_nat_gateway.learning-ngw",
            "module.vpc.aws_subnet.public-subnet",
            "module.vpc.aws_vpc.learning-vpc"
          ]
        }
      ]
    },
    {
      "module": "module.routeTable",
      "mode": "managed",
      "type": "aws_route",
      "name": "public",
      "provider": "provider[\"registry.terraform.io/hashicorp/aws\"]",
      "instances": [
        {
          "schema_version": 0,
          "attributes": {
            "carrier_gateway_id": "",
            "core_network_arn": "",
            "destination_cidr_block": "0.0.0.0/0",
            "destination_ipv6_cidr_block": "",
            "destination_prefix_list_id": "",
            "egress_only_gateway_id": "",
            "gateway_id": "igw-0669e72a22d7e433d",
            "id": "r-rtb-0f24ecb3b285341a41080289494",
            "instance_id": "",
            "instance_owner_id": "",
            "local_gateway_id": "",
            "nat_gateway_id": "",
            "network_interface_id": "",
            "origin": "CreateRoute",
            "route_table_id": "rtb-0f24ecb3b285341a4",
            "state": "active",
            "timeouts": null,
            "transit_gateway_id": "",
            "vpc_endpoint_id": "",
            "vpc_peering_connection_id": ""
          },
          "sensitive_attributes": [],
          "private": "eyJlMmJmYjczMC1lY2FhLTExZTYtOGY4OC0zNDM2M2JjN2M0YzAiOnsiY3JlYXRlIjozMDAwMDAwMDAwMDAsImRlbGV0ZSI6MzAwMDAwMDAwMDAwLCJ1cGRhdGUiOjEyMDAwMDAwMDAwMH19",
          "dependencies": [
            "module.routeTable.aws_route_table.public",
            "module.vpc.aws_internet_gateway.learning-igw",
            "module.vpc.aws_vpc.learning-vpc"
          ]
        }
      ]
    },
    {
      "module": "module.routeTable",
      "mode": "managed",
      "type": "aws_route_table",
      "name": "private",
      "provider": "provider[\"registry.terraform.io/hashicorp/aws\"]",
      "instances": [
        {
          "index_key": "0",
          "schema_version": 0,
          "attributes": {
            "arn": "arn:aws:ec2:ap-northeast-1:669576612384:route-table/rtb-01aada196d8d57eff",
            "id": "rtb-01aada196d8d57eff",
            "owner_id": "669576612384",
            "propagating_vgws": [],
            "route": [],
            "tags": {
              "Name": "terraform-rtable-private-0"
            },
            "tags_all": {
              "Name": "terraform-rtable-private-0"
            },
            "timeouts": null,
            "vpc_id": "vpc-0e77d349808df0250"
          },
          "sensitive_attributes": [],
          "private": "eyJlMmJmYjczMC1lY2FhLTExZTYtOGY4OC0zNDM2M2JjN2M0YzAiOnsiY3JlYXRlIjozMDAwMDAwMDAwMDAsImRlbGV0ZSI6MzAwMDAwMDAwMDAwLCJ1cGRhdGUiOjEyMDAwMDAwMDAwMH19",
          "dependencies": [
            "module.vpc.aws_eip.learning-vpc-eip",
            "module.vpc.aws_internet_gateway.learning-igw",
            "module.vpc.aws_nat_gateway.learning-ngw",
            "module.vpc.aws_subnet.public-subnet",
            "module.vpc.aws_vpc.learning-vpc"
          ]
        },
        {
          "index_key": "1",
          "schema_version": 0,
          "attributes": {
            "arn": "arn:aws:ec2:ap-northeast-1:669576612384:route-table/rtb-0291924c5bb7a3abf",
            "id": "rtb-0291924c5bb7a3abf",
            "owner_id": "669576612384",
            "propagating_vgws": [],
            "route": [],
            "tags": {
              "Name": "terraform-rtable-private-1"
            },
            "tags_all": {
              "Name": "terraform-rtable-private-1"
            },
            "timeouts": null,
            "vpc_id": "vpc-0e77d349808df0250"
          },
          "sensitive_attributes": [],
          "private": "eyJlMmJmYjczMC1lY2FhLTExZTYtOGY4OC0zNDM2M2JjN2M0YzAiOnsiY3JlYXRlIjozMDAwMDAwMDAwMDAsImRlbGV0ZSI6MzAwMDAwMDAwMDAwLCJ1cGRhdGUiOjEyMDAwMDAwMDAwMH19",
          "dependencies": [
            "module.vpc.aws_eip.learning-vpc-eip",
            "module.vpc.aws_internet_gateway.learning-igw",
            "module.vpc.aws_nat_gateway.learning-ngw",
            "module.vpc.aws_subnet.public-subnet",
            "module.vpc.aws_vpc.learning-vpc"
          ]
        },
        {
          "index_key": "2",
          "schema_version": 0,
          "attributes": {
            "arn": "arn:aws:ec2:ap-northeast-1:669576612384:route-table/rtb-035d03605f01cc8e0",
            "id": "rtb-035d03605f01cc8e0",
            "owner_id": "669576612384",
            "propagating_vgws": [],
            "route": [],
            "tags": {
              "Name": "terraform-rtable-private-2"
            },
            "tags_all": {
              "Name": "terraform-rtable-private-2"
            },
            "timeouts": null,
            "vpc_id": "vpc-0e77d349808df0250"
          },
          "sensitive_attributes": [],
          "private": "eyJlMmJmYjczMC1lY2FhLTExZTYtOGY4OC0zNDM2M2JjN2M0YzAiOnsiY3JlYXRlIjozMDAwMDAwMDAwMDAsImRlbGV0ZSI6MzAwMDAwMDAwMDAwLCJ1cGRhdGUiOjEyMDAwMDAwMDAwMH19",
          "dependencies": [
            "module.vpc.aws_eip.learning-vpc-eip",
            "module.vpc.aws_internet_gateway.learning-igw",
            "module.vpc.aws_nat_gateway.learning-ngw",
            "module.vpc.aws_subnet.public-subnet",
            "module.vpc.aws_vpc.learning-vpc"
          ]
        }
      ]
    },
    {
      "module": "module.routeTable",
      "mode": "managed",
      "type": "aws_route_table",
      "name": "public",
      "provider": "provider[\"registry.terraform.io/hashicorp/aws\"]",
      "instances": [
        {
          "schema_version": 0,
          "attributes": {
            "arn": "arn:aws:ec2:ap-northeast-1:669576612384:route-table/rtb-0f24ecb3b285341a4",
            "id": "rtb-0f24ecb3b285341a4",
            "owner_id": "669576612384",
            "propagating_vgws": [],
            "route": [
              {
                "carrier_gateway_id": "",
                "cidr_block": "0.0.0.0/0",
                "core_network_arn": "",
                "destination_prefix_list_id": "",
                "egress_only_gateway_id": "",
                "gateway_id": "igw-0669e72a22d7e433d",
                "instance_id": "",
                "ipv6_cidr_block": "",
                "local_gateway_id": "",
                "nat_gateway_id": "",
                "network_interface_id": "",
                "transit_gateway_id": "",
                "vpc_endpoint_id": "",
                "vpc_peering_connection_id": ""
              }
            ],
            "tags": {
              "Name": "terraform-rtable-public"
            },
            "tags_all": {
              "Name": "terraform-rtable-public"
            },
            "timeouts": null,
            "vpc_id": "vpc-0e77d349808df0250"
          },
          "sensitive_attributes": [],
          "private": "eyJlMmJmYjczMC1lY2FhLTExZTYtOGY4OC0zNDM2M2JjN2M0YzAiOnsiY3JlYXRlIjozMDAwMDAwMDAwMDAsImRlbGV0ZSI6MzAwMDAwMDAwMDAwLCJ1cGRhdGUiOjEyMDAwMDAwMDAwMH19",
          "dependencies": [
            "module.vpc.aws_vpc.learning-vpc"
          ]
        }
      ]
    },
    {
      "module": "module.routeTable",
      "mode": "managed",
      "type": "aws_route_table_association",
      "name": "private",
      "provider": "provider[\"registry.terraform.io/hashicorp/aws\"]",
      "instances": [
        {
          "index_key": "0",
          "schema_version": 0,
          "attributes": {
            "gateway_id": "",
            "id": "rtbassoc-0d1270cacd83d99a1",
            "route_table_id": "rtb-01aada196d8d57eff",
            "subnet_id": "subnet-0c79210ad4c1ce84c",
            "timeouts": null
          },
          "sensitive_attributes": [],
          "private": "eyJlMmJmYjczMC1lY2FhLTExZTYtOGY4OC0zNDM2M2JjN2M0YzAiOnsiY3JlYXRlIjozMDAwMDAwMDAwMDAsImRlbGV0ZSI6MzAwMDAwMDAwMDAwLCJ1cGRhdGUiOjEyMDAwMDAwMDAwMH19",
          "dependencies": [
            "module.routeTable.aws_route_table.private",
            "module.vpc.aws_eip.learning-vpc-eip",
            "module.vpc.aws_internet_gateway.learning-igw",
            "module.vpc.aws_nat_gateway.learning-ngw",
            "module.vpc.aws_subnet.private-subnet",
            "module.vpc.aws_subnet.public-subnet",
            "module.vpc.aws_vpc.learning-vpc"
          ]
        },
        {
          "index_key": "1",
          "schema_version": 0,
          "attributes": {
            "gateway_id": "",
            "id": "rtbassoc-0b0c61136ea01ff7c",
            "route_table_id": "rtb-0291924c5bb7a3abf",
            "subnet_id": "subnet-08d53462b6ddb5a4e",
            "timeouts": null
          },
          "sensitive_attributes": [],
          "private": "eyJlMmJmYjczMC1lY2FhLTExZTYtOGY4OC0zNDM2M2JjN2M0YzAiOnsiY3JlYXRlIjozMDAwMDAwMDAwMDAsImRlbGV0ZSI6MzAwMDAwMDAwMDAwLCJ1cGRhdGUiOjEyMDAwMDAwMDAwMH19",
          "dependencies": [
            "module.routeTable.aws_route_table.private",
            "module.vpc.aws_eip.learning-vpc-eip",
            "module.vpc.aws_internet_gateway.learning-igw",
            "module.vpc.aws_nat_gateway.learning-ngw",
            "module.vpc.aws_subnet.private-subnet",
            "module.vpc.aws_subnet.public-subnet",
            "module.vpc.aws_vpc.learning-vpc"
          ]
        },
        {
          "index_key": "2",
          "schema_version": 0,
          "attributes": {
            "gateway_id": "",
            "id": "rtbassoc-040d66557f890c143",
            "route_table_id": "rtb-035d03605f01cc8e0",
            "subnet_id": "subnet-097d36d8eda1ad13e",
            "timeouts": null
          },
          "sensitive_attributes": [],
          "private": "eyJlMmJmYjczMC1lY2FhLTExZTYtOGY4OC0zNDM2M2JjN2M0YzAiOnsiY3JlYXRlIjozMDAwMDAwMDAwMDAsImRlbGV0ZSI6MzAwMDAwMDAwMDAwLCJ1cGRhdGUiOjEyMDAwMDAwMDAwMH19",
          "dependencies": [
            "module.routeTable.aws_route_table.private",
            "module.vpc.aws_eip.learning-vpc-eip",
            "module.vpc.aws_internet_gateway.learning-igw",
            "module.vpc.aws_nat_gateway.learning-ngw",
            "module.vpc.aws_subnet.private-subnet",
            "module.vpc.aws_subnet.public-subnet",
            "module.vpc.aws_vpc.learning-vpc"
          ]
        }
      ]
    },
    {
      "module": "module.routeTable",
      "mode": "managed",
      "type": "aws_route_table_association",
      "name": "public",
      "provider": "provider[\"registry.terraform.io/hashicorp/aws\"]",
      "instances": [
        {
          "index_key": "0",
          "schema_version": 0,
          "attributes": {
            "gateway_id": "",
            "id": "rtbassoc-0d7d21873eba3c86c",
            "route_table_id": "rtb-0f24ecb3b285341a4",
            "subnet_id": "subnet-0a6b7429b9dd35ac0",
            "timeouts": null
          },
          "sensitive_attributes": [],
          "private": "eyJlMmJmYjczMC1lY2FhLTExZTYtOGY4OC0zNDM2M2JjN2M0YzAiOnsiY3JlYXRlIjozMDAwMDAwMDAwMDAsImRlbGV0ZSI6MzAwMDAwMDAwMDAwLCJ1cGRhdGUiOjEyMDAwMDAwMDAwMH19",
          "dependencies": [
            "module.routeTable.aws_route_table.public",
            "module.vpc.aws_subnet.public-subnet",
            "module.vpc.aws_vpc.learning-vpc"
          ]
        },
        {
          "index_key": "1",
          "schema_version": 0,
          "attributes": {
            "gateway_id": "",
            "id": "rtbassoc-09185678da348e803",
            "route_table_id": "rtb-0f24ecb3b285341a4",
            "subnet_id": "subnet-0981cab1d1bc3e825",
            "timeouts": null
          },
          "sensitive_attributes": [],
          "private": "eyJlMmJmYjczMC1lY2FhLTExZTYtOGY4OC0zNDM2M2JjN2M0YzAiOnsiY3JlYXRlIjozMDAwMDAwMDAwMDAsImRlbGV0ZSI6MzAwMDAwMDAwMDAwLCJ1cGRhdGUiOjEyMDAwMDAwMDAwMH19",
          "dependencies": [
            "module.routeTable.aws_route_table.public",
            "module.vpc.aws_subnet.public-subnet",
            "module.vpc.aws_vpc.learning-vpc"
          ]
        },
        {
          "index_key": "2",
          "schema_version": 0,
          "attributes": {
            "gateway_id": "",
            "id": "rtbassoc-067561d3fcbda5528",
            "route_table_id": "rtb-0f24ecb3b285341a4",
            "subnet_id": "subnet-0c4728ca3620930bf",
            "timeouts": null
          },
          "sensitive_attributes": [],
          "private": "eyJlMmJmYjczMC1lY2FhLTExZTYtOGY4OC0zNDM2M2JjN2M0YzAiOnsiY3JlYXRlIjozMDAwMDAwMDAwMDAsImRlbGV0ZSI6MzAwMDAwMDAwMDAwLCJ1cGRhdGUiOjEyMDAwMDAwMDAwMH19",
          "dependencies": [
            "module.routeTable.aws_route_table.public",
            "module.vpc.aws_subnet.public-subnet",
            "module.vpc.aws_vpc.learning-vpc"
          ]
        }
      ]
    },
    {
      "module": "module.vpc",
      "mode": "managed",
      "type": "aws_eip",
      "name": "learning-vpc-eip",
      "provider": "provider[\"registry.terraform.io/hashicorp/aws\"]",
      "instances": [
        {
          "index_key": "0",
          "schema_version": 0,
          "attributes": {
            "address": null,
            "allocation_id": "eipalloc-0400a6ee5c3fb3f4c",
            "associate_with_private_ip": null,
            "association_id": "eipassoc-07d1c19b28674c898",
            "carrier_ip": "",
            "customer_owned_ip": "",
            "customer_owned_ipv4_pool": "",
            "domain": "vpc",
            "id": "eipalloc-0400a6ee5c3fb3f4c",
            "instance": "",
            "network_border_group": "ap-northeast-1",
            "network_interface": "eni-042f63d82dc6c9009",
            "private_dns": "ip-172-16-0-150.ap-northeast-1.compute.internal",
            "private_ip": "172.16.0.150",
            "public_dns": "ec2-18-178-135-137.ap-northeast-1.compute.amazonaws.com",
            "public_ip": "18.178.135.137",
            "public_ipv4_pool": "amazon",
            "tags": {
              "Name": "terraform-vpc-eip-0"
            },
            "tags_all": {
              "Name": "terraform-vpc-eip-0"
            },
            "timeouts": null,
            "vpc": true
          },
          "sensitive_attributes": [],
          "private": "eyJlMmJmYjczMC1lY2FhLTExZTYtOGY4OC0zNDM2M2JjN2M0YzAiOnsiZGVsZXRlIjoxODAwMDAwMDAwMDAsInJlYWQiOjkwMDAwMDAwMDAwMCwidXBkYXRlIjozMDAwMDAwMDAwMDB9fQ=="
        },
        {
          "index_key": "1",
          "schema_version": 0,
          "attributes": {
            "address": null,
            "allocation_id": "eipalloc-090d3439060e65de4",
            "associate_with_private_ip": null,
            "association_id": "eipassoc-085da9e6059eb99db",
            "carrier_ip": "",
            "customer_owned_ip": "",
            "customer_owned_ipv4_pool": "",
            "domain": "vpc",
            "id": "eipalloc-090d3439060e65de4",
            "instance": "",
            "network_border_group": "ap-northeast-1",
            "network_interface": "eni-02bb680e1bd8e518f",
            "private_dns": "ip-172-16-1-41.ap-northeast-1.compute.internal",
            "private_ip": "172.16.1.41",
            "public_dns": "ec2-18-177-79-61.ap-northeast-1.compute.amazonaws.com",
            "public_ip": "18.177.79.61",
            "public_ipv4_pool": "amazon",
            "tags": {
              "Name": "terraform-vpc-eip-1"
            },
            "tags_all": {
              "Name": "terraform-vpc-eip-1"
            },
            "timeouts": null,
            "vpc": true
          },
          "sensitive_attributes": [],
          "private": "eyJlMmJmYjczMC1lY2FhLTExZTYtOGY4OC0zNDM2M2JjN2M0YzAiOnsiZGVsZXRlIjoxODAwMDAwMDAwMDAsInJlYWQiOjkwMDAwMDAwMDAwMCwidXBkYXRlIjozMDAwMDAwMDAwMDB9fQ=="
        },
        {
          "index_key": "2",
          "schema_version": 0,
          "attributes": {
            "address": null,
            "allocation_id": "eipalloc-0673d6c204543fa4a",
            "associate_with_private_ip": null,
            "association_id": "eipassoc-039f2660969cff882",
            "carrier_ip": "",
            "customer_owned_ip": "",
            "customer_owned_ipv4_pool": "",
            "domain": "vpc",
            "id": "eipalloc-0673d6c204543fa4a",
            "instance": "",
            "network_border_group": "ap-northeast-1",
            "network_interface": "eni-0faaa1ea6e119cdfa",
            "private_dns": "ip-172-16-2-99.ap-northeast-1.compute.internal",
            "private_ip": "172.16.2.99",
            "public_dns": "ec2-18-179-172-127.ap-northeast-1.compute.amazonaws.com",
            "public_ip": "18.179.172.127",
            "public_ipv4_pool": "amazon",
            "tags": {
              "Name": "terraform-vpc-eip-2"
            },
            "tags_all": {
              "Name": "terraform-vpc-eip-2"
            },
            "timeouts": null,
            "vpc": true
          },
          "sensitive_attributes": [],
          "private": "eyJlMmJmYjczMC1lY2FhLTExZTYtOGY4OC0zNDM2M2JjN2M0YzAiOnsiZGVsZXRlIjoxODAwMDAwMDAwMDAsInJlYWQiOjkwMDAwMDAwMDAwMCwidXBkYXRlIjozMDAwMDAwMDAwMDB9fQ=="
        }
      ]
    },
    {
      "module": "module.vpc",
      "mode": "managed",
      "type": "aws_internet_gateway",
      "name": "learning-igw",
      "provider": "provider[\"registry.terraform.io/hashicorp/aws\"]",
      "instances": [
        {
          "schema_version": 0,
          "attributes": {
            "arn": "arn:aws:ec2:ap-northeast-1:669576612384:internet-gateway/igw-0669e72a22d7e433d",
            "id": "igw-0669e72a22d7e433d",
            "owner_id": "669576612384",
            "tags": {
              "Name": "terraform-vpc-igw"
            },
            "tags_all": {
              "Name": "terraform-vpc-igw"
            },
            "timeouts": null,
            "vpc_id": "vpc-0e77d349808df0250"
          },
          "sensitive_attributes": [],
          "private": "eyJlMmJmYjczMC1lY2FhLTExZTYtOGY4OC0zNDM2M2JjN2M0YzAiOnsiY3JlYXRlIjoxMjAwMDAwMDAwMDAwLCJkZWxldGUiOjEyMDAwMDAwMDAwMDAsInVwZGF0ZSI6MTIwMDAwMDAwMDAwMH19",
          "dependencies": [
            "module.vpc.aws_vpc.learning-vpc"
          ]
        }
      ]
    },
    {
      "module": "module.vpc",
      "mode": "managed",
      "type": "aws_nat_gateway",
      "name": "learning-ngw",
      "provider": "provider[\"registry.terraform.io/hashicorp/aws\"]",
      "instances": [
        {
          "index_key": "0",
          "schema_version": 0,
          "attributes": {
            "allocation_id": "eipalloc-0400a6ee5c3fb3f4c",
            "association_id": "eipassoc-07d1c19b28674c898",
            "connectivity_type": "public",
            "id": "nat-06c60f83d26da0512",
            "network_interface_id": "eni-042f63d82dc6c9009",
            "private_ip": "172.16.0.150",
            "public_ip": "18.178.135.137",
            "subnet_id": "subnet-0a6b7429b9dd35ac0",
            "tags": {
              "Name": "terraform-nat-gateway-0"
            },
            "tags_all": {
              "Name": "terraform-nat-gateway-0"
            }
          },
          "sensitive_attributes": [],
          "private": "bnVsbA==",
          "dependencies": [
            "module.vpc.aws_eip.learning-vpc-eip",
            "module.vpc.aws_internet_gateway.learning-igw",
            "module.vpc.aws_subnet.public-subnet",
            "module.vpc.aws_vpc.learning-vpc"
          ]
        },
        {
          "index_key": "1",
          "schema_version": 0,
          "attributes": {
            "allocation_id": "eipalloc-090d3439060e65de4",
            "association_id": "eipassoc-085da9e6059eb99db",
            "connectivity_type": "public",
            "id": "nat-05bd1fbdbd6264fe8",
            "network_interface_id": "eni-02bb680e1bd8e518f",
            "private_ip": "172.16.1.41",
            "public_ip": "18.177.79.61",
            "subnet_id": "subnet-0981cab1d1bc3e825",
            "tags": {
              "Name": "terraform-nat-gateway-1"
            },
            "tags_all": {
              "Name": "terraform-nat-gateway-1"
            }
          },
          "sensitive_attributes": [],
          "private": "bnVsbA==",
          "dependencies": [
            "module.vpc.aws_eip.learning-vpc-eip",
            "module.vpc.aws_internet_gateway.learning-igw",
            "module.vpc.aws_subnet.public-subnet",
            "module.vpc.aws_vpc.learning-vpc"
          ]
        },
        {
          "index_key": "2",
          "schema_version": 0,
          "attributes": {
            "allocation_id": "eipalloc-0673d6c204543fa4a",
            "association_id": "eipassoc-039f2660969cff882",
            "connectivity_type": "public",
            "id": "nat-01f92090385de7b94",
            "network_interface_id": "eni-0faaa1ea6e119cdfa",
            "private_ip": "172.16.2.99",
            "public_ip": "18.179.172.127",
            "subnet_id": "subnet-0c4728ca3620930bf",
            "tags": {
              "Name": "terraform-nat-gateway-2"
            },
            "tags_all": {
              "Name": "terraform-nat-gateway-2"
            }
          },
          "sensitive_attributes": [],
          "private": "bnVsbA==",
          "dependencies": [
            "module.vpc.aws_eip.learning-vpc-eip",
            "module.vpc.aws_internet_gateway.learning-igw",
            "module.vpc.aws_subnet.public-subnet",
            "module.vpc.aws_vpc.learning-vpc"
          ]
        }
      ]
    },
    {
      "module": "module.vpc",
      "mode": "managed",
      "type": "aws_subnet",
      "name": "private-subnet",
      "provider": "provider[\"registry.terraform.io/hashicorp/aws\"]",
      "instances": [
        {
          "index_key": "0",
          "schema_version": 1,
          "attributes": {
            "arn": "arn:aws:ec2:ap-northeast-1:669576612384:subnet/subnet-0c79210ad4c1ce84c",
            "assign_ipv6_address_on_creation": false,
            "availability_zone": "ap-northeast-1a",
            "availability_zone_id": "apne1-az4",
            "cidr_block": "172.16.10.0/24",
            "customer_owned_ipv4_pool": "",
            "enable_dns64": false,
            "enable_lni_at_device_index": 0,
            "enable_resource_name_dns_a_record_on_launch": false,
            "enable_resource_name_dns_aaaa_record_on_launch": false,
            "id": "subnet-0c79210ad4c1ce84c",
            "ipv6_cidr_block": "",
            "ipv6_cidr_block_association_id": "",
            "ipv6_native": false,
            "map_customer_owned_ip_on_launch": false,
            "map_public_ip_on_launch": false,
            "outpost_arn": "",
            "owner_id": "669576612384",
            "private_dns_hostname_type_on_launch": "ip-name",
            "tags": {
              "Name": "terraform-vpc-private-subnet-0"
            },
            "tags_all": {
              "Name": "terraform-vpc-private-subnet-0"
            },
            "timeouts": null,
            "vpc_id": "vpc-0e77d349808df0250"
          },
          "sensitive_attributes": [],
          "private": "eyJlMmJmYjczMC1lY2FhLTExZTYtOGY4OC0zNDM2M2JjN2M0YzAiOnsiY3JlYXRlIjo2MDAwMDAwMDAwMDAsImRlbGV0ZSI6MTIwMDAwMDAwMDAwMH0sInNjaGVtYV92ZXJzaW9uIjoiMSJ9",
          "dependencies": [
            "module.vpc.aws_vpc.learning-vpc"
          ]
        },
        {
          "index_key": "1",
          "schema_version": 1,
          "attributes": {
            "arn": "arn:aws:ec2:ap-northeast-1:669576612384:subnet/subnet-08d53462b6ddb5a4e",
            "assign_ipv6_address_on_creation": false,
            "availability_zone": "ap-northeast-1c",
            "availability_zone_id": "apne1-az1",
            "cidr_block": "172.16.11.0/24",
            "customer_owned_ipv4_pool": "",
            "enable_dns64": false,
            "enable_lni_at_device_index": 0,
            "enable_resource_name_dns_a_record_on_launch": false,
            "enable_resource_name_dns_aaaa_record_on_launch": false,
            "id": "subnet-08d53462b6ddb5a4e",
            "ipv6_cidr_block": "",
            "ipv6_cidr_block_association_id": "",
            "ipv6_native": false,
            "map_customer_owned_ip_on_launch": false,
            "map_public_ip_on_launch": false,
            "outpost_arn": "",
            "owner_id": "669576612384",
            "private_dns_hostname_type_on_launch": "ip-name",
            "tags": {
              "Name": "terraform-vpc-private-subnet-1"
            },
            "tags_all": {
              "Name": "terraform-vpc-private-subnet-1"
            },
            "timeouts": null,
            "vpc_id": "vpc-0e77d349808df0250"
          },
          "sensitive_attributes": [],
          "private": "eyJlMmJmYjczMC1lY2FhLTExZTYtOGY4OC0zNDM2M2JjN2M0YzAiOnsiY3JlYXRlIjo2MDAwMDAwMDAwMDAsImRlbGV0ZSI6MTIwMDAwMDAwMDAwMH0sInNjaGVtYV92ZXJzaW9uIjoiMSJ9",
          "dependencies": [
            "module.vpc.aws_vpc.learning-vpc"
          ]
        },
        {
          "index_key": "2",
          "schema_version": 1,
          "attributes": {
            "arn": "arn:aws:ec2:ap-northeast-1:669576612384:subnet/subnet-097d36d8eda1ad13e",
            "assign_ipv6_address_on_creation": false,
            "availability_zone": "ap-northeast-1d",
            "availability_zone_id": "apne1-az2",
            "cidr_block": "172.16.12.0/24",
            "customer_owned_ipv4_pool": "",
            "enable_dns64": false,
            "enable_lni_at_device_index": 0,
            "enable_resource_name_dns_a_record_on_launch": false,
            "enable_resource_name_dns_aaaa_record_on_launch": false,
            "id": "subnet-097d36d8eda1ad13e",
            "ipv6_cidr_block": "",
            "ipv6_cidr_block_association_id": "",
            "ipv6_native": false,
            "map_customer_owned_ip_on_launch": false,
            "map_public_ip_on_launch": false,
            "outpost_arn": "",
            "owner_id": "669576612384",
            "private_dns_hostname_type_on_launch": "ip-name",
            "tags": {
              "Name": "terraform-vpc-private-subnet-2"
            },
            "tags_all": {
              "Name": "terraform-vpc-private-subnet-2"
            },
            "timeouts": null,
            "vpc_id": "vpc-0e77d349808df0250"
          },
          "sensitive_attributes": [],
          "private": "eyJlMmJmYjczMC1lY2FhLTExZTYtOGY4OC0zNDM2M2JjN2M0YzAiOnsiY3JlYXRlIjo2MDAwMDAwMDAwMDAsImRlbGV0ZSI6MTIwMDAwMDAwMDAwMH0sInNjaGVtYV92ZXJzaW9uIjoiMSJ9",
          "dependencies": [
            "module.vpc.aws_vpc.learning-vpc"
          ]
        }
      ]
    },
    {
      "module": "module.vpc",
      "mode": "managed",
      "type": "aws_subnet",
      "name": "public-subnet",
      "provider": "provider[\"registry.terraform.io/hashicorp/aws\"]",
      "instances": [
        {
          "index_key": "0",
          "schema_version": 1,
          "attributes": {
            "arn": "arn:aws:ec2:ap-northeast-1:669576612384:subnet/subnet-0a6b7429b9dd35ac0",
            "assign_ipv6_address_on_creation": false,
            "availability_zone": "ap-northeast-1a",
            "availability_zone_id": "apne1-az4",
            "cidr_block": "172.16.0.0/24",
            "customer_owned_ipv4_pool": "",
            "enable_dns64": false,
            "enable_lni_at_device_index": 0,
            "enable_resource_name_dns_a_record_on_launch": false,
            "enable_resource_name_dns_aaaa_record_on_launch": false,
            "id": "subnet-0a6b7429b9dd35ac0",
            "ipv6_cidr_block": "",
            "ipv6_cidr_block_association_id": "",
            "ipv6_native": false,
            "map_customer_owned_ip_on_launch": false,
            "map_public_ip_on_launch": false,
            "outpost_arn": "",
            "owner_id": "669576612384",
            "private_dns_hostname_type_on_launch": "ip-name",
            "tags": {
              "Name": "terraform-vpc-public-subnet-0"
            },
            "tags_all": {
              "Name": "terraform-vpc-public-subnet-0"
            },
            "timeouts": null,
            "vpc_id": "vpc-0e77d349808df0250"
          },
          "sensitive_attributes": [],
          "private": "eyJlMmJmYjczMC1lY2FhLTExZTYtOGY4OC0zNDM2M2JjN2M0YzAiOnsiY3JlYXRlIjo2MDAwMDAwMDAwMDAsImRlbGV0ZSI6MTIwMDAwMDAwMDAwMH0sInNjaGVtYV92ZXJzaW9uIjoiMSJ9",
          "dependencies": [
            "module.vpc.aws_vpc.learning-vpc"
          ]
        },
        {
          "index_key": "1",
          "schema_version": 1,
          "attributes": {
            "arn": "arn:aws:ec2:ap-northeast-1:669576612384:subnet/subnet-0981cab1d1bc3e825",
            "assign_ipv6_address_on_creation": false,
            "availability_zone": "ap-northeast-1c",
            "availability_zone_id": "apne1-az1",
            "cidr_block": "172.16.1.0/24",
            "customer_owned_ipv4_pool": "",
            "enable_dns64": false,
            "enable_lni_at_device_index": 0,
            "enable_resource_name_dns_a_record_on_launch": false,
            "enable_resource_name_dns_aaaa_record_on_launch": false,
            "id": "subnet-0981cab1d1bc3e825",
            "ipv6_cidr_block": "",
            "ipv6_cidr_block_association_id": "",
            "ipv6_native": false,
            "map_customer_owned_ip_on_launch": false,
            "map_public_ip_on_launch": false,
            "outpost_arn": "",
            "owner_id": "669576612384",
            "private_dns_hostname_type_on_launch": "ip-name",
            "tags": {
              "Name": "terraform-vpc-public-subnet-1"
            },
            "tags_all": {
              "Name": "terraform-vpc-public-subnet-1"
            },
            "timeouts": null,
            "vpc_id": "vpc-0e77d349808df0250"
          },
          "sensitive_attributes": [],
          "private": "eyJlMmJmYjczMC1lY2FhLTExZTYtOGY4OC0zNDM2M2JjN2M0YzAiOnsiY3JlYXRlIjo2MDAwMDAwMDAwMDAsImRlbGV0ZSI6MTIwMDAwMDAwMDAwMH0sInNjaGVtYV92ZXJzaW9uIjoiMSJ9",
          "dependencies": [
            "module.vpc.aws_vpc.learning-vpc"
          ]
        },
        {
          "index_key": "2",
          "schema_version": 1,
          "attributes": {
            "arn": "arn:aws:ec2:ap-northeast-1:669576612384:subnet/subnet-0c4728ca3620930bf",
            "assign_ipv6_address_on_creation": false,
            "availability_zone": "ap-northeast-1d",
            "availability_zone_id": "apne1-az2",
            "cidr_block": "172.16.2.0/24",
            "customer_owned_ipv4_pool": "",
            "enable_dns64": false,
            "enable_lni_at_device_index": 0,
            "enable_resource_name_dns_a_record_on_launch": false,
            "enable_resource_name_dns_aaaa_record_on_launch": false,
            "id": "subnet-0c4728ca3620930bf",
            "ipv6_cidr_block": "",
            "ipv6_cidr_block_association_id": "",
            "ipv6_native": false,
            "map_customer_owned_ip_on_launch": false,
            "map_public_ip_on_launch": false,
            "outpost_arn": "",
            "owner_id": "669576612384",
            "private_dns_hostname_type_on_launch": "ip-name",
            "tags": {
              "Name": "terraform-vpc-public-subnet-2"
            },
            "tags_all": {
              "Name": "terraform-vpc-public-subnet-2"
            },
            "timeouts": null,
            "vpc_id": "vpc-0e77d349808df0250"
          },
          "sensitive_attributes": [],
          "private": "eyJlMmJmYjczMC1lY2FhLTExZTYtOGY4OC0zNDM2M2JjN2M0YzAiOnsiY3JlYXRlIjo2MDAwMDAwMDAwMDAsImRlbGV0ZSI6MTIwMDAwMDAwMDAwMH0sInNjaGVtYV92ZXJzaW9uIjoiMSJ9",
          "dependencies": [
            "module.vpc.aws_vpc.learning-vpc"
          ]
        }
      ]
    },
    {
      "module": "module.vpc",
      "mode": "managed",
      "type": "aws_vpc",
      "name": "learning-vpc",
      "provider": "provider[\"registry.terraform.io/hashicorp/aws\"]",
      "instances": [
        {
          "schema_version": 1,
          "attributes": {
            "arn": "arn:aws:ec2:ap-northeast-1:669576612384:vpc/vpc-0e77d349808df0250",
            "assign_generated_ipv6_cidr_block": false,
            "cidr_block": "172.16.0.0/16",
            "default_network_acl_id": "acl-0c77c6e64c1a3ef06",
            "default_route_table_id": "rtb-0ac87bcdf1ab88169",
            "default_security_group_id": "sg-072f0b290cb517354",
            "dhcp_options_id": "dopt-0249fcb10bc7e3879",
            "enable_classiclink": false,
            "enable_classiclink_dns_support": false,
            "enable_dns_hostnames": false,
            "enable_dns_support": true,
            "enable_network_address_usage_metrics": false,
            "id": "vpc-0e77d349808df0250",
            "instance_tenancy": "default",
            "ipv4_ipam_pool_id": null,
            "ipv4_netmask_length": null,
            "ipv6_association_id": "",
            "ipv6_cidr_block": "",
            "ipv6_cidr_block_network_border_group": "",
            "ipv6_ipam_pool_id": "",
            "ipv6_netmask_length": 0,
            "main_route_table_id": "rtb-0ac87bcdf1ab88169",
            "owner_id": "669576612384",
            "tags": {
              "Name": "terraform-vpc"
            },
            "tags_all": {
              "Name": "terraform-vpc"
            }
          },
          "sensitive_attributes": [],
          "private": "eyJzY2hlbWFfdmVyc2lvbiI6IjEifQ=="
        }
      ]
    }
  ],
  "check_results": null
}
